
Microsoft Visual Studio Solution File, Format Version 12.00
# Visual Studio 15
VisualStudioVersion = 15.0.28307.1022
MinimumVisualStudioVersion = 10.0.40219.1
Project("{FAE04EC0-301F-11D3-BF4B-00C04F79EFBC}") = "ReadFileCustom", "ReadFileCustom\ReadFileCustom.csproj", "{77312834-08BE-440C-81E9-7DA5EC9FD257}"
EndProject
Global
	GlobalSection(SolutionConfigurationPlatforms) = preSolution
		Debug|Any CPU = Debug|Any CPU
		Release|Any CPU = Release|Any CPU
	EndGlobalSection
	GlobalSection(ProjectConfigurationPlatforms) = postSolution
		{77312834-08BE-440C-81E9-7DA5EC9FD257}.Debug|Any CPU.ActiveCfg = Debug|Any CPU
		{77312834-08BE-440C-81E9-7DA5EC9FD257}.Debug|Any CPU.Build.0 = Debug|Any CPU
		{77312834-08BE-440C-81E9-7DA5EC9FD257}.Release|Any CPU.ActiveCfg = Release|Any CPU
		{77312834-08BE-440C-81E9-7DA5EC9FD257}.Release|Any CPU.Build.0 = Release|Any CPU
	EndGlobalSection
	GlobalSection(SolutionProperties) = preSolution
		HideSolutionNode = FALSE
	EndGlobalSection
	GlobalSection(ExtensibilityGlobals) = postSolution
		SolutionGuid = {D0FD2171-D97B-4AC0-BADC-936B4B4B8535}
	EndGlobalSection
EndGlobal
